// !$*UTF8*$!
{
	archiveVersion = 1;
	classes = {
	};
	objectVersion = 56;
	objects = {

/* Begin PBXBuildFile section */
		4DFB9CA62C5187DD00E73F93 /* Assets.xcassets in Resources */ = {isa = PBXBuildFile; fileRef = 4DFB9CA52C5187DD00E73F93 /* Assets.xcassets */; };
		4DFB9CAC2C5187DD00E73F93 /* bratify MessagesExtension.appex in Embed Foundation Extensions */ = {isa = PBXBuildFile; fileRef = 4DFB9CAB2C5187DD00E73F93 /* bratify MessagesExtension.appex */; settings = {ATTRIBUTES = (RemoveHeadersOnCopy, ); }; };
		4DFB9CB12C5187DD00E73F93 /* Messages.framework in Frameworks */ = {isa = PBXBuildFile; fileRef = 4DFB9CB02C5187DD00E73F93 /* Messages.framework */; };
		4DFB9CB42C5187DD00E73F93 /* MessagesViewController.swift in Sources */ = {isa = PBXBuildFile; fileRef = 4DFB9CB32C5187DD00E73F93 /* MessagesViewController.swift */; };
		4DFB9CB72C5187DD00E73F93 /* Base in Resources */ = {isa = PBXBuildFile; fileRef = 4DFB9CB62C5187DD00E73F93 /* Base */; };
		4DFB9CB92C5187DD00E73F93 /* Assets.xcassets in Resources */ = {isa = PBXBuildFile; fileRef = 4DFB9CB82C5187DD00E73F93 /* Assets.xcassets */; };
		4DFB9CC72C51E0B500E73F93 /* UIView+Border+Image.swift in Sources */ = {isa = PBXBuildFile; fileRef = 4DFB9CC62C51E0B500E73F93 /* UIView+Border+Image.swift */; };
/* End PBXBuildFile section */

/* Begin PBXContainerItemProxy section */
		4DFB9CAD2C5187DD00E73F93 /* PBXContainerItemProxy */ = {
			isa = PBXContainerItemProxy;
			containerPortal = 4DFB9C9C2C5187DC00E73F93 /* Project object */;
			proxyType = 1;
			remoteGlobalIDString = 4DFB9CAA2C5187DD00E73F93;
			remoteInfo = "bratify MessagesExtension";
		};
/* End PBXContainerItemProxy section */

/* Begin PBXCopyFilesBuildPhase section */
		4DFB9CC02C5187DD00E73F93 /* Embed Foundation Extensions */ = {
			isa = PBXCopyFilesBuildPhase;
			buildActionMask = 2147483647;
			dstPath = "";
			dstSubfolderSpec = 13;
			files = (
				4DFB9CAC2C5187DD00E73F93 /* bratify MessagesExtension.appex in Embed Foundation Extensions */,
			);
			name = "Embed Foundation Extensions";
			runOnlyForDeploymentPostprocessing = 0;
		};
/* End PBXCopyFilesBuildPhase section */

/* Begin PBXFileReference section */
		4DFB9CA22C5187DC00E73F93 /* bratify.app */ = {isa = PBXFileReference; explicitFileType = wrapper.application; includeInIndex = 0; path = bratify.app; sourceTree = BUILT_PRODUCTS_DIR; };
		4DFB9CA52C5187DD00E73F93 /* Assets.xcassets */ = {isa = PBXFileReference; lastKnownFileType = folder.assetcatalog; path = Assets.xcassets; sourceTree = "<group>"; };
		4DFB9CAB2C5187DD00E73F93 /* bratify MessagesExtension.appex */ = {isa = PBXFileReference; explicitFileType = "wrapper.app-extension"; includeInIndex = 0; path = "bratify MessagesExtension.appex"; sourceTree = BUILT_PRODUCTS_DIR; };
		4DFB9CB02C5187DD00E73F93 /* Messages.framework */ = {isa = PBXFileReference; lastKnownFileType = wrapper.framework; name = Messages.framework; path = System/Library/Frameworks/Messages.framework; sourceTree = SDKROOT; };
		4DFB9CB32C5187DD00E73F93 /* MessagesViewController.swift */ = {isa = PBXFileReference; lastKnownFileType = sourcecode.swift; path = MessagesViewController.swift; sourceTree = "<group>"; };
		4DFB9CB62C5187DD00E73F93 /* Base */ = {isa = PBXFileReference; lastKnownFileType = file.storyboard; name = Base; path = Base.lproj/MainInterface.storyboard; sourceTree = "<group>"; };
		4DFB9CB82C5187DD00E73F93 /* Assets.xcassets */ = {isa = PBXFileReference; lastKnownFileType = folder.assetcatalog; path = Assets.xcassets; sourceTree = "<group>"; };
		4DFB9CBA2C5187DD00E73F93 /* Info.plist */ = {isa = PBXFileReference; lastKnownFileType = text.plist.xml; path = Info.plist; sourceTree = "<group>"; };
		4DFB9CC62C51E0B500E73F93 /* UIView+Border+Image.swift */ = {isa = PBXFileReference; lastKnownFileType = sourcecode.swift; path = "UIView+Border+Image.swift"; sourceTree = "<group>"; };
/* End PBXFileReference section */

/* Begin PBXFrameworksBuildPhase section */
		4DFB9CA82C5187DD00E73F93 /* Frameworks */ = {
			isa = PBXFrameworksBuildPhase;
			buildActionMask = 2147483647;
			files = (
				4DFB9CB12C5187DD00E73F93 /* Messages.framework in Frameworks */,
			);
			runOnlyForDeploymentPostprocessing = 0;
		};
/* End PBXFrameworksBuildPhase section */

/* Begin PBXGroup section */
		4D273C9B2C55555D00B3BD16 /* Extensions */ = {
			isa = PBXGroup;
			children = (
				4DFB9CC62C51E0B500E73F93 /* UIView+Border+Image.swift */,
			);
			path = Extensions;
			sourceTree = "<group>";
		};
		4DFB9C9B2C5187DC00E73F93 = {
			isa = PBXGroup;
			children = (
				4DFB9CA42C5187DC00E73F93 /* bratify */,
				4DFB9CB22C5187DD00E73F93 /* bratify MessagesExtension */,
				4DFB9CAF2C5187DD00E73F93 /* Frameworks */,
				4DFB9CA32C5187DC00E73F93 /* Products */,
			);
			sourceTree = "<group>";
		};
		4DFB9CA32C5187DC00E73F93 /* Products */ = {
			isa = PBXGroup;
			children = (
				4DFB9CA22C5187DC00E73F93 /* bratify.app */,
				4DFB9CAB2C5187DD00E73F93 /* bratify MessagesExtension.appex */,
			);
			name = Products;
			sourceTree = "<group>";
		};
		4DFB9CA42C5187DC00E73F93 /* bratify */ = {
			isa = PBXGroup;
			children = (
				4DFB9CA52C5187DD00E73F93 /* Assets.xcassets */,
			);
			path = bratify;
			sourceTree = "<group>";
		};
		4DFB9CAF2C5187DD00E73F93 /* Frameworks */ = {
			isa = PBXGroup;
			children = (
				4DFB9CB02C5187DD00E73F93 /* Messages.framework */,
			);
			name = Frameworks;
			sourceTree = "<group>";
		};
		4DFB9CB22C5187DD00E73F93 /* bratify MessagesExtension */ = {
			isa = PBXGroup;
			children = (
				4D273C9B2C55555D00B3BD16 /* Extensions */,
				4DFB9CB32C5187DD00E73F93 /* MessagesViewController.swift */,
				4DFB9CB52C5187DD00E73F93 /* MainInterface.storyboard */,
				4DFB9CB82C5187DD00E73F93 /* Assets.xcassets */,
				4DFB9CBA2C5187DD00E73F93 /* Info.plist */,
			);
			path = "bratify MessagesExtension";
			sourceTree = "<group>";
		};
/* End PBXGroup section */

/* Begin PBXNativeTarget section */
		4DFB9CA12C5187DC00E73F93 /* bratify */ = {
			isa = PBXNativeTarget;
			buildConfigurationList = 4DFB9CC12C5187DD00E73F93 /* Build configuration list for PBXNativeTarget "bratify" */;
			buildPhases = (
				4DFB9CA02C5187DC00E73F93 /* Resources */,
				4DFB9CC02C5187DD00E73F93 /* Embed Foundation Extensions */,
			);
			buildRules = (
			);
			dependencies = (
				4DFB9CAE2C5187DD00E73F93 /* PBXTargetDependency */,
			);
			name = bratify;
			productName = bratify;
			productReference = 4DFB9CA22C5187DC00E73F93 /* bratify.app */;
			productType = "com.apple.product-type.application.messages";
		};
		4DFB9CAA2C5187DD00E73F93 /* bratify MessagesExtension */ = {
			isa = PBXNativeTarget;
			buildConfigurationList = 4DFB9CBD2C5187DD00E73F93 /* Build configuration list for PBXNativeTarget "bratify MessagesExtension" */;
			buildPhases = (
				4DFB9CA72C5187DD00E73F93 /* Sources */,
				4DFB9CA82C5187DD00E73F93 /* Frameworks */,
				4DFB9CA92C5187DD00E73F93 /* Resources */,
			);
			buildRules = (
			);
			dependencies = (
			);
			name = "bratify MessagesExtension";
			productName = "bratify MessagesExtension";
			productReference = 4DFB9CAB2C5187DD00E73F93 /* bratify MessagesExtension.appex */;
			productType = "com.apple.product-type.app-extension.messages";
		};
/* End PBXNativeTarget section */

/* Begin PBXProject section */
		4DFB9C9C2C5187DC00E73F93 /* Project object */ = {
			isa = PBXProject;
			attributes = {
				BuildIndependentTargetsInParallel = 1;
				LastSwiftUpdateCheck = 1540;
				LastUpgradeCheck = 1540;
				TargetAttributes = {
					4DFB9CA12C5187DC00E73F93 = {
						CreatedOnToolsVersion = 15.4;
					};
					4DFB9CAA2C5187DD00E73F93 = {
						CreatedOnToolsVersion = 15.4;
					};
				};
			};
			buildConfigurationList = 4DFB9C9F2C5187DC00E73F93 /* Build configuration list for PBXProject "bratify" */;
			compatibilityVersion = "Xcode 14.0";
			developmentRegion = en;
			hasScannedForEncodings = 0;
			knownRegions = (
				en,
				Base,
			);
			mainGroup = 4DFB9C9B2C5187DC00E73F93;
			productRefGroup = 4DFB9CA32C5187DC00E73F93 /* Products */;
			projectDirPath = "";
			projectRoot = "";
			targets = (
				4DFB9CA12C5187DC00E73F93 /* bratify */,
				4DFB9CAA2C5187DD00E73F93 /* bratify MessagesExtension */,
			);
		};
/* End PBXProject section */

/* Begin PBXResourcesBuildPhase section */
		4DFB9CA02C5187DC00E73F93 /* Resources */ = {
			isa = PBXResourcesBuildPhase;
			buildActionMask = 2147483647;
			files = (
				4DFB9CA62C5187DD00E73F93 /* Assets.xcassets in Resources */,
			);
			runOnlyForDeploymentPostprocessing = 0;
		};
		4DFB9CA92C5187DD00E73F93 /* Resources */ = {
			isa = PBXResourcesBuildPhase;
			buildActionMask = 2147483647;
			files = (
				4DFB9CB92C5187DD00E73F93 /* Assets.xcassets in Resources */,
				4DFB9CB72C5187DD00E73F93 /* Base in Resources */,
			);
			runOnlyForDeploymentPostprocessing = 0;
		};
/* End PBXResourcesBuildPhase section */

/* Begin PBXSourcesBuildPhase section */
		4DFB9CA72C5187DD00E73F93 /* Sources */ = {
			isa = PBXSourcesBuildPhase;
			buildActionMask = 2147483647;
			files = (
				4DFB9CB42C5187DD00E73F93 /* MessagesViewController.swift in Sources */,
				4DFB9CC72C51E0B500E73F93 /* UIView+Border+Image.swift in Sources */,
			);
			runOnlyForDeploymentPostprocessing = 0;
		};
/* End PBXSourcesBuildPhase section */

/* Begin PBXTargetDependency section */
		4DFB9CAE2C5187DD00E73F93 /* PBXTargetDependency */ = {
			isa = PBXTargetDependency;
			target = 4DFB9CAA2C5187DD00E73F93 /* bratify MessagesExtension */;
			targetProxy = 4DFB9CAD2C5187DD00E73F93 /* PBXContainerItemProxy */;
		};
/* End PBXTargetDependency section */

/* Begin PBXVariantGroup section */
		4DFB9CB52C5187DD00E73F93 /* MainInterface.storyboard */ = {
			isa = PBXVariantGroup;
			children = (
				4DFB9CB62C5187DD00E73F93 /* Base */,
			);
			name = MainInterface.storyboard;
			sourceTree = "<group>";
		};
/* End PBXVariantGroup section */

/* Begin XCBuildConfiguration section */
		4DFB9CBB2C5187DD00E73F93 /* Debug */ = {
			isa = XCBuildConfiguration;
			buildSettings = {
				ALWAYS_SEARCH_USER_PATHS = NO;
				ASSETCATALOG_COMPILER_GENERATE_SWIFT_ASSET_SYMBOL_EXTENSIONS = YES;
				CLANG_ANALYZER_NONNULL = YES;
				CLANG_ANALYZER_NUMBER_OBJECT_CONVERSION = YES_AGGRESSIVE;
				CLANG_CXX_LANGUAGE_STANDARD = "gnu++20";
				CLANG_ENABLE_MODULES = YES;
				CLANG_ENABLE_OBJC_ARC = YES;
				CLANG_ENABLE_OBJC_WEAK = YES;
				CLANG_WARN_BLOCK_CAPTURE_AUTORELEASING = YES;
				CLANG_WARN_BOOL_CONVERSION = YES;
				CLANG_WARN_COMMA = YES;
				CLANG_WARN_CONSTANT_CONVERSION = YES;
				CLANG_WARN_DEPRECATED_OBJC_IMPLEMENTATIONS = YES;
				CLANG_WARN_DIRECT_OBJC_ISA_USAGE = YES_ERROR;
				CLANG_WARN_DOCUMENTATION_COMMENTS = YES;
				CLANG_WARN_EMPTY_BODY = YES;
				CLANG_WARN_ENUM_CONVERSION = YES;
				CLANG_WARN_INFINITE_RECURSION = YES;
				CLANG_WARN_INT_CONVERSION = YES;
				CLANG_WARN_NON_LITERAL_NULL_CONVERSION = YES;
				CLANG_WARN_OBJC_IMPLICIT_RETAIN_SELF = YES;
				CLANG_WARN_OBJC_LITERAL_CONVERSION = YES;
				CLANG_WARN_OBJC_ROOT_CLASS = YES_ERROR;
				CLANG_WARN_QUOTED_INCLUDE_IN_FRAMEWORK_HEADER = YES;
				CLANG_WARN_RANGE_LOOP_ANALYSIS = YES;
				CLANG_WARN_STRICT_PROTOTYPES = YES;
				CLANG_WARN_SUSPICIOUS_MOVE = YES;
				CLANG_WARN_UNGUARDED_AVAILABILITY = YES_AGGRESSIVE;
				CLANG_WARN_UNREACHABLE_CODE = YES;
				CLANG_WARN__DUPLICATE_METHOD_MATCH = YES;
				COPY_PHASE_STRIP = NO;
				DEBUG_INFORMATION_FORMAT = dwarf;
				ENABLE_STRICT_OBJC_MSGSEND = YES;
				ENABLE_TESTABILITY = YES;
				ENABLE_USER_SCRIPT_SANDBOXING = YES;
				GCC_C_LANGUAGE_STANDARD = gnu17;
				GCC_DYNAMIC_NO_PIC = NO;
				GCC_NO_COMMON_BLOCKS = YES;
				GCC_OPTIMIZATION_LEVEL = 0;
				GCC_PREPROCESSOR_DEFINITIONS = (
					"DEBUG=1",
					"$(inherited)",
				);
				GCC_WARN_64_TO_32_BIT_CONVERSION = YES;
				GCC_WARN_ABOUT_RETURN_TYPE = YES_ERROR;
				GCC_WARN_UNDECLARED_SELECTOR = YES;
				GCC_WARN_UNINITIALIZED_AUTOS = YES_AGGRESSIVE;
				GCC_WARN_UNUSED_FUNCTION = YES;
				GCC_WARN_UNUSED_VARIABLE = YES;
				IPHONEOS_DEPLOYMENT_TARGET = 16.6;
				LOCALIZATION_PREFERS_STRING_CATALOGS = YES;
				MTL_ENABLE_DEBUG_INFO = INCLUDE_SOURCE;
				MTL_FAST_MATH = YES;
				ONLY_ACTIVE_ARCH = YES;
				SDKROOT = iphoneos;
				SWIFT_ACTIVE_COMPILATION_CONDITIONS = "DEBUG $(inherited)";
				SWIFT_OPTIMIZATION_LEVEL = "-Onone";
			};
			name = Debug;
		};
		4DFB9CBC2C5187DD00E73F93 /* Release */ = {
			isa = XCBuildConfiguration;
			buildSettings = {
				ALWAYS_SEARCH_USER_PATHS = NO;
				ASSETCATALOG_COMPILER_GENERATE_SWIFT_ASSET_SYMBOL_EXTENSIONS = YES;
				CLANG_ANALYZER_NONNULL = YES;
				CLANG_ANALYZER_NUMBER_OBJECT_CONVERSION = YES_AGGRESSIVE;
				CLANG_CXX_LANGUAGE_STANDARD = "gnu++20";
				CLANG_ENABLE_MODULES = YES;
				CLANG_ENABLE_OBJC_ARC = YES;
				CLANG_ENABLE_OBJC_WEAK = YES;
				CLANG_WARN_BLOCK_CAPTURE_AUTORELEASING = YES;
				CLANG_WARN_BOOL_CONVERSION = YES;
				CLANG_WARN_COMMA = YES;
				CLANG_WARN_CONSTANT_CONVERSION = YES;
				CLANG_WARN_DEPRECATED_OBJC_IMPLEMENTATIONS = YES;
				CLANG_WARN_DIRECT_OBJC_ISA_USAGE = YES_ERROR;
				CLANG_WARN_DOCUMENTATION_COMMENTS = YES;
				CLANG_WARN_EMPTY_BODY = YES;
				CLANG_WARN_ENUM_CONVERSION = YES;
				CLANG_WARN_INFINITE_RECURSION = YES;
				CLANG_WARN_INT_CONVERSION = YES;
				CLANG_WARN_NON_LITERAL_NULL_CONVERSION = YES;
				CLANG_WARN_OBJC_IMPLICIT_RETAIN_SELF = YES;
				CLANG_WARN_OBJC_LITERAL_CONVERSION = YES;
				CLANG_WARN_OBJC_ROOT_CLASS = YES_ERROR;
				CLANG_WARN_QUOTED_INCLUDE_IN_FRAMEWORK_HEADER = YES;
				CLANG_WARN_RANGE_LOOP_ANALYSIS = YES;
				CLANG_WARN_STRICT_PROTOTYPES = YES;
				CLANG_WARN_SUSPICIOUS_MOVE = YES;
				CLANG_WARN_UNGUARDED_AVAILABILITY = YES_AGGRESSIVE;
				CLANG_WARN_UNREACHABLE_CODE = YES;
				CLANG_WARN__DUPLICATE_METHOD_MATCH = YES;
				COPY_PHASE_STRIP = NO;
				DEBUG_INFORMATION_FORMAT = "dwarf-with-dsym";
				ENABLE_NS_ASSERTIONS = NO;
				ENABLE_STRICT_OBJC_MSGSEND = YES;
				ENABLE_USER_SCRIPT_SANDBOXING = YES;
				GCC_C_LANGUAGE_STANDARD = gnu17;
				GCC_NO_COMMON_BLOCKS = YES;
				GCC_WARN_64_TO_32_BIT_CONVERSION = YES;
				GCC_WARN_ABOUT_RETURN_TYPE = YES_ERROR;
				GCC_WARN_UNDECLARED_SELECTOR = YES;
				GCC_WARN_UNINITIALIZED_AUTOS = YES_AGGRESSIVE;
				GCC_WARN_UNUSED_FUNCTION = YES;
				GCC_WARN_UNUSED_VARIABLE = YES;
				IPHONEOS_DEPLOYMENT_TARGET = 16.6;
				LOCALIZATION_PREFERS_STRING_CATALOGS = YES;
				MTL_ENABLE_DEBUG_INFO = NO;
				MTL_FAST_MATH = YES;
				SDKROOT = iphoneos;
				SWIFT_COMPILATION_MODE = wholemodule;
				VALIDATE_PRODUCT = YES;
			};
			name = Release;
		};
		4DFB9CBE2C5187DD00E73F93 /* Debug */ = {
			isa = XCBuildConfiguration;
			buildSettings = {
				ASSETCATALOG_COMPILER_APPICON_NAME = "iMessage App Icon";
				CODE_SIGN_STYLE = Automatic;
				CURRENT_PROJECT_VERSION = 1;
				DEVELOPMENT_TEAM = LB8R2PS6C3;
				GENERATE_INFOPLIST_FILE = YES;
				INFOPLIST_FILE = "bratify MessagesExtension/Info.plist";
				INFOPLIST_KEY_CFBundleDisplayName = bratify;
				INFOPLIST_KEY_NSHumanReadableCopyright = "";
				IPHONEOS_DEPLOYMENT_TARGET = 16.6;
				LD_RUNPATH_SEARCH_PATHS = (
					"$(inherited)",
					"@executable_path/Frameworks",
					"@executable_path/../../Frameworks",
				);
				MARKETING_VERSION = 1.0;
				PRODUCT_BUNDLE_IDENTIFIER = org.apinis.bratify.MessagesExtension;
				PRODUCT_NAME = "$(TARGET_NAME)";
				SKIP_INSTALL = YES;
				SWIFT_EMIT_LOC_STRINGS = YES;
				SWIFT_VERSION = 5.0;
				TARGETED_DEVICE_FAMILY = "1,2";
			};
			name = Debug;
		};
		4DFB9CBF2C5187DD00E73F93 /* Release */ = {
			isa = XCBuildConfiguration;
			buildSettings = {
				ASSETCATALOG_COMPILER_APPICON_NAME = "iMessage App Icon";
				CODE_SIGN_STYLE = Automatic;
				CURRENT_PROJECT_VERSION = 1;
				DEVELOPMENT_TEAM = LB8R2PS6C3;
				GENERATE_INFOPLIST_FILE = YES;
				INFOPLIST_FILE = "bratify MessagesExtension/Info.plist";
				INFOPLIST_KEY_CFBundleDisplayName = bratify;
				INFOPLIST_KEY_NSHumanReadableCopyright = "";
				IPHONEOS_DEPLOYMENT_TARGET = 16.6;
				LD_RUNPATH_SEARCH_PATHS = (
					"$(inherited)",
					"@executable_path/Frameworks",
					"@executable_path/../../Frameworks",
				);
				MARKETING_VERSION = 1.0;
				PRODUCT_BUNDLE_IDENTIFIER = org.apinis.bratify.MessagesExtension;
				PRODUCT_NAME = "$(TARGET_NAME)";
				SKIP_INSTALL = YES;
				SWIFT_EMIT_LOC_STRINGS = YES;
				SWIFT_VERSION = 5.0;
				TARGETED_DEVICE_FAMILY = "1,2";
			};
			name = Release;
		};
		4DFB9CC22C5187DD00E73F93 /* Debug */ = {
			isa = XCBuildConfiguration;
			buildSettings = {
				ALWAYS_EMBED_SWIFT_STANDARD_LIBRARIES = YES;
				ASSETCATALOG_COMPILER_APPICON_NAME = AppIcon;
				CODE_SIGN_STYLE = Automatic;
				CURRENT_PROJECT_VERSION = 1;
				DEVELOPMENT_TEAM = LB8R2PS6C3;
				GENERATE_INFOPLIST_FILE = YES;
				INFOPLIST_KEY_UILaunchStoryboardName = LaunchScreen;
				INFOPLIST_KEY_UISupportedInterfaceOrientations_iPad = "UIInterfaceOrientationPortrait UIInterfaceOrientationPortraitUpsideDown UIInterfaceOrientationLandscapeLeft UIInterfaceOrientationLandscapeRight";
				INFOPLIST_KEY_UISupportedInterfaceOrientations_iPhone = "UIInterfaceOrientationPortrait UIInterfaceOrientationLandscapeLeft UIInterfaceOrientationLandscapeRight";
				IPHONEOS_DEPLOYMENT_TARGET = 16.6;
				MARKETING_VERSION = 1.0;
				PRODUCT_BUNDLE_IDENTIFIER = org.apinis.bratify;
				PRODUCT_NAME = "$(TARGET_NAME)";
				SWIFT_EMIT_LOC_STRINGS = YES;
				SWIFT_VERSION = 5.0;
				TARGETED_DEVICE_FAMILY = "1,2";
			};
			name = Debug;
		};
		4DFB9CC32C5187DD00E73F93 /* Release */ = {
			isa = XCBuildConfiguration;
			buildSettings = {
				ALWAYS_EMBED_SWIFT_STANDARD_LIBRARIES = YES;
				ASSETCATALOG_COMPILER_APPICON_NAME = AppIcon;
				CODE_SIGN_STYLE = Automatic;
				CURRENT_PROJECT_VERSION = 1;
				DEVELOPMENT_TEAM = LB8R2PS6C3;
				GENERATE_INFOPLIST_FILE = YES;
				INFOPLIST_KEY_UILaunchStoryboardName = LaunchScreen;
				INFOPLIST_KEY_UISupportedInterfaceOrientations_iPad = "UIInterfaceOrientationPortrait UIInterfaceOrientationPortraitUpsideDown UIInterfaceOrientationLandscapeLeft UIInterfaceOrientationLandscapeRight";
				INFOPLIST_KEY_UISupportedInterfaceOrientations_iPhone = "UIInterfaceOrientationPortrait UIInterfaceOrientationLandscapeLeft UIInterfaceOrientationLandscapeRight";
				IPHONEOS_DEPLOYMENT_TARGET = 16.6;
				MARKETING_VERSION = 1.0;
				PRODUCT_BUNDLE_IDENTIFIER = org.apinis.bratify;
				PRODUCT_NAME = "$(TARGET_NAME)";
				SWIFT_EMIT_LOC_STRINGS = YES;
				SWIFT_VERSION = 5.0;
				TARGETED_DEVICE_FAMILY = "1,2";
			};
			name = Release;
		};
/* End XCBuildConfiguration section */

/* Begin XCConfigurationList section */
		4DFB9C9F2C5187DC00E73F93 /* Build configuration list for PBXProject "bratify" */ = {
			isa = XCConfigurationList;
			buildConfigurations = (
				4DFB9CBB2C5187DD00E73F93 /* Debug */,
				4DFB9CBC2C5187DD00E73F93 /* Release */,
			);
			defaultConfigurationIsVisible = 0;
			defaultConfigurationName = Release;
		};
		4DFB9CBD2C5187DD00E73F93 /* Build configuration list for PBXNativeTarget "bratify MessagesExtension" */ = {
			isa = XCConfigurationList;
			buildConfigurations = (
				4DFB9CBE2C5187DD00E73F93 /* Debug */,
				4DFB9CBF2C5187DD00E73F93 /* Release */,
			);
			defaultConfigurationIsVisible = 0;
			defaultConfigurationName = Release;
		};
		4DFB9CC12C5187DD00E73F93 /* Build configuration list for PBXNativeTarget "bratify" */ = {
			isa = XCConfigurationList;
			buildConfigurations = (
				4DFB9CC22C5187DD00E73F93 /* Debug */,
				4DFB9CC32C5187DD00E73F93 /* Release */,
			);
			defaultConfigurationIsVisible = 0;
			defaultConfigurationName = Release;
		};
/* End XCConfigurationList section */
	};
	rootObject = 4DFB9C9C2C5187DC00E73F93 /* Project object */;
}
